{
  "name": "albert",
  "requires": true,
  "lockfileVersion": 1,
  "dependencies": {
    "@interactjs/actions": {
      "version": "1.9.10",
      "resolved": "https://registry.npmjs.org/@interactjs/actions/-/actions-1.9.10.tgz",
      "integrity": "sha512-UNldqA+Dr/ZgmIwQ0ORrIwxbUtdTRPa6cVjMtCY1DKZTje84WTwLSt8gJ8m6lZ1fPV/g3bboICMehIqVwzphuA==",
      "requires": {
        "@interactjs/interact": "1.9.10"
      }
    },
    "@interactjs/arrange": {
      "version": "1.9.10",
      "resolved": "https://registry.npmjs.org/@interactjs/arrange/-/arrange-1.9.10.tgz",
      "integrity": "sha512-Y4QBqAPSXrDR2stnM8qUyWHvpfN5ouKu552UzmSjuyTLJl4chhoS5gvk/eQKgZRiQ9nzNsEsH6eqg1LJLQzY8Q=="
    },
    "@interactjs/auto-scroll": {
      "version": "1.9.10",
      "resolved": "https://registry.npmjs.org/@interactjs/auto-scroll/-/auto-scroll-1.9.10.tgz",
      "integrity": "sha512-uWr0MnFJW9PsKWiH9Vvg70QxHHrIs3/8Stt/RQdys/x9kfD+oah6kWiE4lk5eQ+KdAIJHO5UscgxsgdMYUbC3w==",
      "requires": {
        "@interactjs/interact": "1.9.10"
      }
    },
    "@interactjs/auto-start": {
      "version": "1.9.10",
      "resolved": "https://registry.npmjs.org/@interactjs/auto-start/-/auto-start-1.9.10.tgz",
      "integrity": "sha512-ofpvo0mLehP0z9v/529XvRppsk74AnqVbiK19ucDiEQbRMZvQ9G06RA05lpLqpqwE8wMrXiZgjp+c9IwGVgb5w==",
      "requires": {
        "@interactjs/interact": "1.9.10"
      }
    },
    "@interactjs/clone": {
      "version": "1.9.10",
      "resolved": "https://registry.npmjs.org/@interactjs/clone/-/clone-1.9.10.tgz",
      "integrity": "sha512-8cobU6/wVa69ASiqz+XBfBPvTjCsAvBFv3qn+xdoYPcu256VP/0nXy2NlU0NTLUzOqd5Gn6jFQWLJZCoAc/p5Q=="
    },
    "@interactjs/components": {
      "version": "1.9.10",
      "resolved": "https://registry.npmjs.org/@interactjs/components/-/components-1.9.10.tgz",
      "integrity": "sha512-wqRN5/u28/201jqataNo0zjL2ZZgznCnmA+NaDWHaQu9ZQWMMzGfh4u1InL6/ZT0oI2e6waCPSHFg2M0suOkeA=="
    },
    "@interactjs/core": {
      "version": "1.9.10",
      "resolved": "https://registry.npmjs.org/@interactjs/core/-/core-1.9.10.tgz",
      "integrity": "sha512-7IiIiJO48kgaDgF3admWlTYRWzt2vSREHdjcLsYwqpnewfBlMtVP/zYnFdsucCXFd+3kqG59K2XB2KndcutU7A=="
    },
    "@interactjs/dev-tools": {
      "version": "1.9.10",
      "resolved": "https://registry.npmjs.org/@interactjs/dev-tools/-/dev-tools-1.9.10.tgz",
      "integrity": "sha512-m+MTQfyyUSpygTrYBlKejIw2yqIMBb2wY7PPYcCzRM4KtVBNKaiTYA4u1R2waozeD9HGjms0UU0gmrbaIgHVfA==",
      "requires": {
        "@interactjs/interact": "1.9.10",
        "@interactjs/utils": "1.9.10"
      }
    },
    "@interactjs/feedback": {
      "version": "1.9.10",
      "resolved": "https://registry.npmjs.org/@interactjs/feedback/-/feedback-1.9.10.tgz",
      "integrity": "sha512-yw9ugzG+J1EwglQPEinMT5eOhBJxSRm1/+wdJGHiYZ+U4RjUvZm2Kfn47LnMHDAqAjeNHn8IzSJt0BOruuNm/g=="
    },
    "@interactjs/inertia": {
      "version": "1.9.10",
      "resolved": "https://registry.npmjs.org/@interactjs/inertia/-/inertia-1.9.10.tgz",
      "integrity": "sha512-dJum2maDbdFLkeZeCN3F9tFWDLzLnhcVLvTwYQmNXb2xXV33fkeImpL5MnZlA8xas5bdz9veUYFcwQs2+FVdKg==",
      "requires": {
        "@interactjs/interact": "1.9.10",
        "@interactjs/offset": "1.9.10"
      }
    },
    "@interactjs/interact": {
      "version": "1.9.10",
      "resolved": "https://registry.npmjs.org/@interactjs/interact/-/interact-1.9.10.tgz",
      "integrity": "sha512-ZwpCuT5HAH0IBFFEU1ahL5RxzWH3hX7dH1Ji3FwdSrkSavYiSgXZMJbNQu2rdF7QevFTJaZ/ShrHCGAqxPLMEQ==",
      "requires": {
        "@interactjs/core": "1.9.10",
        "@interactjs/types": "1.9.10",
        "@interactjs/utils": "1.9.10"
      }
    },
    "@interactjs/interactjs": {
      "version": "1.9.10",
      "resolved": "https://registry.npmjs.org/@interactjs/interactjs/-/interactjs-1.9.10.tgz",
      "integrity": "sha512-bwsQ9IKxq3MbLZhzmk7mb6YddI1Aqogd0mffSea0oZV8eSBB1uKcWBzzSTg1Q5j4YP4jY7UmkAGkSMv1IIDq/g==",
      "requires": {
        "@interactjs/actions": "1.9.10",
        "@interactjs/arrange": "1.9.10",
        "@interactjs/auto-scroll": "1.9.10",
        "@interactjs/auto-start": "1.9.10",
        "@interactjs/clone": "1.9.10",
        "@interactjs/components": "1.9.10",
        "@interactjs/core": "1.9.10",
        "@interactjs/dev-tools": "1.9.10",
        "@interactjs/feedback": "1.9.10",
        "@interactjs/inertia": "1.9.10",
        "@interactjs/interact": "1.9.10",
        "@interactjs/modifiers": "1.9.10",
        "@interactjs/multi-target": "1.9.10",
        "@interactjs/offset": "1.9.10",
        "@interactjs/pointer-events": "1.9.10",
        "@interactjs/reflow": "1.9.10",
        "@interactjs/types": "1.9.10",
        "@interactjs/utils": "1.9.10",
        "@interactjs/vue": "1.9.10"
      }
    },
    "@interactjs/modifiers": {
      "version": "1.9.10",
      "resolved": "https://registry.npmjs.org/@interactjs/modifiers/-/modifiers-1.9.10.tgz",
      "integrity": "sha512-3PzNY+Nv+V9m0pjSv3BrL9Iaxudp71RwmcuYvayXpJAF7axWx59765zQYEvnDKq4gURAIEQPWQz6UIGXfBxkfA==",
      "requires": {
        "@interactjs/interact": "1.9.10",
        "@interactjs/snappers": "1.9.10"
      }
    },
    "@interactjs/multi-target": {
      "version": "1.9.10",
      "resolved": "https://registry.npmjs.org/@interactjs/multi-target/-/multi-target-1.9.10.tgz",
      "integrity": "sha512-Y/T6QfmJ3qQF6T4pQ0uReWshXGikDzKmDsYXIKvJfOJVy+obNIglRgSDZiNPZXNM2B2nHhvSOYtrQ1g9zCRN1w=="
    },
    "@interactjs/offset": {
      "version": "1.9.10",
      "resolved": "https://registry.npmjs.org/@interactjs/offset/-/offset-1.9.10.tgz",
      "integrity": "sha512-nO7IL2GvP1Yq1kewOFrMqtAnOMgUXEhNxbgMpQgsjki/drR5MHcWMgvYbnZiexH9rBrHG57JKtEZyzrtuhDamw==",
      "requires": {
        "@interactjs/interact": "1.9.10"
      }
    },
    "@interactjs/pointer-events": {
      "version": "1.9.10",
      "resolved": "https://registry.npmjs.org/@interactjs/pointer-events/-/pointer-events-1.9.10.tgz",
      "integrity": "sha512-ykvKaqv2IKs+6MkPrFgUXly67WSeJdOVWk/JplczfRa0LPKdUPemAIKTj0E4k2EY52VGvc7qW/1IexMNNGqpLA==",
      "requires": {
        "@interactjs/interact": "1.9.10"
      }
    },
    "@interactjs/reflow": {
      "version": "1.9.10",
      "resolved": "https://registry.npmjs.org/@interactjs/reflow/-/reflow-1.9.10.tgz",
      "integrity": "sha512-EiH1rT2/uz4pKABXm7bqxolNVRk5oem6jC6Xh9diLzSaVhlfzoHaXgvg222pZqRQlqC36MOC5qfdYk3aRf7qtA==",
      "requires": {
        "@interactjs/interact": "1.9.10"
      }
    },
    "@interactjs/snappers": {
      "version": "1.9.10",
      "resolved": "https://registry.npmjs.org/@interactjs/snappers/-/snappers-1.9.10.tgz",
      "integrity": "sha512-tQjhNB8CJzQbQ/CiNn5uu4nuPvpfjKhjlDNilopEpx+pAa6ON3sPoRVFGNQIJBnvF+4cjfwOFEmjevc4sVQpjQ=="
    },
    "@interactjs/symbol-tree": {
      "version": "1.9.10",
      "resolved": "https://registry.npmjs.org/@interactjs/symbol-tree/-/symbol-tree-1.9.10.tgz",
      "integrity": "sha512-N29utK+fNlHdn4nTEju43nxglbGj1yvuDOkfbVZWrHYzN2+uGbN7QLJ2JhHtqlrFbE3/rlXNrpDbRtr/Cut1AA=="
    },
    "@interactjs/types": {
      "version": "1.9.10",
      "resolved": "https://registry.npmjs.org/@interactjs/types/-/types-1.9.10.tgz",
      "integrity": "sha512-5F/lKbwYkRVJo85U0zu6o0xGDy48nH+LcBWKXbIZHLwcEMed+e2IjNbptPVQ1rW7e8d7XU/rUsyClDoxGVt01Q==",
      "requires": {
        "@interactjs/actions": "1.9.10",
        "@interactjs/arrange": "1.9.10",
        "@interactjs/auto-scroll": "1.9.10",
        "@interactjs/auto-start": "1.9.10",
        "@interactjs/core": "1.9.10",
        "@interactjs/dev-tools": "1.9.10",
        "@interactjs/inertia": "1.9.10",
        "@interactjs/modifiers": "1.9.10",
        "@interactjs/pointer-events": "1.9.10",
        "@interactjs/reflow": "1.9.10",
        "@interactjs/snappers": "1.9.10",
        "@interactjs/symbol-tree": "1.9.10",
        "@interactjs/utils": "1.9.10"
      }
    },
    "@interactjs/utils": {
      "version": "1.9.10",
      "resolved": "https://registry.npmjs.org/@interactjs/utils/-/utils-1.9.10.tgz",
      "integrity": "sha512-AnDnCsmSMxFfqneso/VS3SKCmfOqII9nzHWIBhiCutDluDCbleMtEo6MBU9YUvUEFWUSuZwcN54ZMdQnQMuLoQ=="
    },
    "@interactjs/vue": {
      "version": "1.9.10",
      "resolved": "https://registry.npmjs.org/@interactjs/vue/-/vue-1.9.10.tgz",
      "integrity": "sha512-+gkXvMfqHTj57QlA0kGp6O0WcC36bDVo8raTfRtlWNd7tATkV5efIsXxPskTHkZx3gmH6SLqzHIZC7zSy80LvQ=="
    },
    "interactjs": {
      "version": "1.9.10",
      "resolved": "https://registry.npmjs.org/interactjs/-/interactjs-1.9.10.tgz",
      "integrity": "sha512-vz5f9mzEyaFyPA3EcbfPcIafgWg8EMz1B4Djt1W9AMa+yVr2m+ubPj/Qm5s8O8evUc4Feth1Z+KkJzoFTCa+pg==",
      "requires": {
        "@interactjs/interactjs": "1.9.10",
        "@interactjs/types": "1.9.10"
      }
    }
  }
}
