# THIS IS AN AUTOGENERATED FILE. DO NOT EDIT THIS FILE DIRECTLY.
# yarn lockfile v1


"@interactjs/actions@1.9.10":
  version "1.9.10"
  resolved "https://registry.yarnpkg.com/@interactjs/actions/-/actions-1.9.10.tgz#6071cc16b0cbf426872149d23a2c4030f5365499"
  integrity sha512-UNldqA+Dr/ZgmIwQ0ORrIwxbUtdTRPa6cVjMtCY1DKZTje84WTwLSt8gJ8m6lZ1fPV/g3bboICMehIqVwzphuA==
  optionalDependencies:
    "@interactjs/interact" "1.9.10"

"@interactjs/arrange@1.9.10":
  version "1.9.10"
  resolved "https://registry.yarnpkg.com/@interactjs/arrange/-/arrange-1.9.10.tgz#570ea70bc3af1272330a7c724cc2a36a8324b406"
  integrity sha512-Y4QBqAPSXrDR2stnM8qUyWHvpfN5ouKu552UzmSjuyTLJl4chhoS5gvk/eQKgZRiQ9nzNsEsH6eqg1LJLQzY8Q==

"@interactjs/auto-scroll@1.9.10":
  version "1.9.10"
  resolved "https://registry.yarnpkg.com/@interactjs/auto-scroll/-/auto-scroll-1.9.10.tgz#a647477b1e6c55b9ec8a92500d107f723e43a7da"
  integrity sha512-uWr0MnFJW9PsKWiH9Vvg70QxHHrIs3/8Stt/RQdys/x9kfD+oah6kWiE4lk5eQ+KdAIJHO5UscgxsgdMYUbC3w==
  optionalDependencies:
    "@interactjs/interact" "1.9.10"

"@interactjs/auto-start@1.9.10":
  version "1.9.10"
  resolved "https://registry.yarnpkg.com/@interactjs/auto-start/-/auto-start-1.9.10.tgz#1abf5aa410a8e3813ffc5e3df69f60f9b8e0cdf7"
  integrity sha512-ofpvo0mLehP0z9v/529XvRppsk74AnqVbiK19ucDiEQbRMZvQ9G06RA05lpLqpqwE8wMrXiZgjp+c9IwGVgb5w==
  optionalDependencies:
    "@interactjs/interact" "1.9.10"

"@interactjs/clone@1.9.10":
  version "1.9.10"
  resolved "https://registry.yarnpkg.com/@interactjs/clone/-/clone-1.9.10.tgz#40623fa1911ab7b266ff3ad4b680ec7368f6c881"
  integrity sha512-8cobU6/wVa69ASiqz+XBfBPvTjCsAvBFv3qn+xdoYPcu256VP/0nXy2NlU0NTLUzOqd5Gn6jFQWLJZCoAc/p5Q==

"@interactjs/components@1.9.10":
  version "1.9.10"
  resolved "https://registry.yarnpkg.com/@interactjs/components/-/components-1.9.10.tgz#1e7159e45205424ba3371ba5ebb06855101c0923"
  integrity sha512-wqRN5/u28/201jqataNo0zjL2ZZgznCnmA+NaDWHaQu9ZQWMMzGfh4u1InL6/ZT0oI2e6waCPSHFg2M0suOkeA==

"@interactjs/core@1.9.10":
  version "1.9.10"
  resolved "https://registry.yarnpkg.com/@interactjs/core/-/core-1.9.10.tgz#e6e246dfde7188ec60f85f86b8e3cebf9961606a"
  integrity sha512-7IiIiJO48kgaDgF3admWlTYRWzt2vSREHdjcLsYwqpnewfBlMtVP/zYnFdsucCXFd+3kqG59K2XB2KndcutU7A==

"@interactjs/dev-tools@1.9.10":
  version "1.9.10"
  resolved "https://registry.yarnpkg.com/@interactjs/dev-tools/-/dev-tools-1.9.10.tgz#1675eb22f349e496145416fc7e2a9e51d69a2563"
  integrity sha512-m+MTQfyyUSpygTrYBlKejIw2yqIMBb2wY7PPYcCzRM4KtVBNKaiTYA4u1R2waozeD9HGjms0UU0gmrbaIgHVfA==
  dependencies:
    "@interactjs/utils" "1.9.10"
  optionalDependencies:
    "@interactjs/interact" "1.9.10"

"@interactjs/feedback@1.9.10":
  version "1.9.10"
  resolved "https://registry.yarnpkg.com/@interactjs/feedback/-/feedback-1.9.10.tgz#aa0fe2d2aeb3bc978db505fb1a10f8894ce535c8"
  integrity sha512-yw9ugzG+J1EwglQPEinMT5eOhBJxSRm1/+wdJGHiYZ+U4RjUvZm2Kfn47LnMHDAqAjeNHn8IzSJt0BOruuNm/g==

"@interactjs/inertia@1.9.10":
  version "1.9.10"
  resolved "https://registry.yarnpkg.com/@interactjs/inertia/-/inertia-1.9.10.tgz#3608aa4ef46d73ddc3a25bbd4a448fe8a79e13dc"
  integrity sha512-dJum2maDbdFLkeZeCN3F9tFWDLzLnhcVLvTwYQmNXb2xXV33fkeImpL5MnZlA8xas5bdz9veUYFcwQs2+FVdKg==
  dependencies:
    "@interactjs/offset" "1.9.10"
  optionalDependencies:
    "@interactjs/interact" "1.9.10"

"@interactjs/interact@1.9.10":
  version "1.9.10"
  resolved "https://registry.yarnpkg.com/@interactjs/interact/-/interact-1.9.10.tgz#2b810c7b86ea3b649f08473d5ad421a11130d03b"
  integrity sha512-ZwpCuT5HAH0IBFFEU1ahL5RxzWH3hX7dH1Ji3FwdSrkSavYiSgXZMJbNQu2rdF7QevFTJaZ/ShrHCGAqxPLMEQ==
  dependencies:
    "@interactjs/core" "1.9.10"
    "@interactjs/types" "1.9.10"
    "@interactjs/utils" "1.9.10"

"@interactjs/interactjs@1.9.10":
  version "1.9.10"
  resolved "https://registry.yarnpkg.com/@interactjs/interactjs/-/interactjs-1.9.10.tgz#241acb2c5dae4e9a27980d0a1e369f163a80e79a"
  integrity sha512-bwsQ9IKxq3MbLZhzmk7mb6YddI1Aqogd0mffSea0oZV8eSBB1uKcWBzzSTg1Q5j4YP4jY7UmkAGkSMv1IIDq/g==
  dependencies:
    "@interactjs/actions" "1.9.10"
    "@interactjs/arrange" "1.9.10"
    "@interactjs/auto-scroll" "1.9.10"
    "@interactjs/auto-start" "1.9.10"
    "@interactjs/clone" "1.9.10"
    "@interactjs/components" "1.9.10"
    "@interactjs/core" "1.9.10"
    "@interactjs/dev-tools" "1.9.10"
    "@interactjs/feedback" "1.9.10"
    "@interactjs/inertia" "1.9.10"
    "@interactjs/interact" "1.9.10"
    "@interactjs/modifiers" "1.9.10"
    "@interactjs/multi-target" "1.9.10"
    "@interactjs/offset" "1.9.10"
    "@interactjs/pointer-events" "1.9.10"
    "@interactjs/reflow" "1.9.10"
    "@interactjs/types" "1.9.10"
    "@interactjs/utils" "1.9.10"
    "@interactjs/vue" "1.9.10"

"@interactjs/modifiers@1.9.10":
  version "1.9.10"
  resolved "https://registry.yarnpkg.com/@interactjs/modifiers/-/modifiers-1.9.10.tgz#b06f0d72b345cf36965bc67c4fe82aecf8276cf6"
  integrity sha512-3PzNY+Nv+V9m0pjSv3BrL9Iaxudp71RwmcuYvayXpJAF7axWx59765zQYEvnDKq4gURAIEQPWQz6UIGXfBxkfA==
  dependencies:
    "@interactjs/snappers" "1.9.10"
  optionalDependencies:
    "@interactjs/interact" "1.9.10"

"@interactjs/multi-target@1.9.10":
  version "1.9.10"
  resolved "https://registry.yarnpkg.com/@interactjs/multi-target/-/multi-target-1.9.10.tgz#cee1478c5fd78e1cbd0c981cca47d2b81b5440a1"
  integrity sha512-Y/T6QfmJ3qQF6T4pQ0uReWshXGikDzKmDsYXIKvJfOJVy+obNIglRgSDZiNPZXNM2B2nHhvSOYtrQ1g9zCRN1w==

"@interactjs/offset@1.9.10":
  version "1.9.10"
  resolved "https://registry.yarnpkg.com/@interactjs/offset/-/offset-1.9.10.tgz#64811521ffb852d505f2ffd4f057665787d4024b"
  integrity sha512-nO7IL2GvP1Yq1kewOFrMqtAnOMgUXEhNxbgMpQgsjki/drR5MHcWMgvYbnZiexH9rBrHG57JKtEZyzrtuhDamw==
  optionalDependencies:
    "@interactjs/interact" "1.9.10"

"@interactjs/pointer-events@1.9.10":
  version "1.9.10"
  resolved "https://registry.yarnpkg.com/@interactjs/pointer-events/-/pointer-events-1.9.10.tgz#1935a4d90bbb3fb7aac818c8752b29a4e3ec4aed"
  integrity sha512-ykvKaqv2IKs+6MkPrFgUXly67WSeJdOVWk/JplczfRa0LPKdUPemAIKTj0E4k2EY52VGvc7qW/1IexMNNGqpLA==
  optionalDependencies:
    "@interactjs/interact" "1.9.10"

"@interactjs/reflow@1.9.10":
  version "1.9.10"
  resolved "https://registry.yarnpkg.com/@interactjs/reflow/-/reflow-1.9.10.tgz#c39e426d52f0949e8ba83e166e30d1de742ecad9"
  integrity sha512-EiH1rT2/uz4pKABXm7bqxolNVRk5oem6jC6Xh9diLzSaVhlfzoHaXgvg222pZqRQlqC36MOC5qfdYk3aRf7qtA==
  optionalDependencies:
    "@interactjs/interact" "1.9.10"

"@interactjs/snappers@1.9.10":
  version "1.9.10"
  resolved "https://registry.yarnpkg.com/@interactjs/snappers/-/snappers-1.9.10.tgz#b9355f085e9ddbf0c24f43b5fa1be66db688281b"
  integrity sha512-tQjhNB8CJzQbQ/CiNn5uu4nuPvpfjKhjlDNilopEpx+pAa6ON3sPoRVFGNQIJBnvF+4cjfwOFEmjevc4sVQpjQ==

"@interactjs/symbol-tree@1.9.10":
  version "1.9.10"
  resolved "https://registry.yarnpkg.com/@interactjs/symbol-tree/-/symbol-tree-1.9.10.tgz#7b7f4d7d22d5ad81c23dcadede554e1a5114d3f0"
  integrity sha512-N29utK+fNlHdn4nTEju43nxglbGj1yvuDOkfbVZWrHYzN2+uGbN7QLJ2JhHtqlrFbE3/rlXNrpDbRtr/Cut1AA==

"@interactjs/types@1.9.10":
  version "1.9.10"
  resolved "https://registry.yarnpkg.com/@interactjs/types/-/types-1.9.10.tgz#d64bd3cde6107b9162321816ab4cf1cb9f5f8d24"
  integrity sha512-5F/lKbwYkRVJo85U0zu6o0xGDy48nH+LcBWKXbIZHLwcEMed+e2IjNbptPVQ1rW7e8d7XU/rUsyClDoxGVt01Q==
  dependencies:
    "@interactjs/actions" "1.9.10"
    "@interactjs/arrange" "1.9.10"
    "@interactjs/auto-scroll" "1.9.10"
    "@interactjs/auto-start" "1.9.10"
    "@interactjs/core" "1.9.10"
    "@interactjs/dev-tools" "1.9.10"
    "@interactjs/inertia" "1.9.10"
    "@interactjs/modifiers" "1.9.10"
    "@interactjs/pointer-events" "1.9.10"
    "@interactjs/reflow" "1.9.10"
    "@interactjs/snappers" "1.9.10"
    "@interactjs/symbol-tree" "1.9.10"
    "@interactjs/utils" "1.9.10"

"@interactjs/utils@1.9.10":
  version "1.9.10"
  resolved "https://registry.yarnpkg.com/@interactjs/utils/-/utils-1.9.10.tgz#c8676fee611a718e12aeabcee288735dcabd4704"
  integrity sha512-AnDnCsmSMxFfqneso/VS3SKCmfOqII9nzHWIBhiCutDluDCbleMtEo6MBU9YUvUEFWUSuZwcN54ZMdQnQMuLoQ==

"@interactjs/vue@1.9.10":
  version "1.9.10"
  resolved "https://registry.yarnpkg.com/@interactjs/vue/-/vue-1.9.10.tgz#88db28c41e0820a6ffece3aca9c7ee6134d1fafd"
  integrity sha512-+gkXvMfqHTj57QlA0kGp6O0WcC36bDVo8raTfRtlWNd7tATkV5efIsXxPskTHkZx3gmH6SLqzHIZC7zSy80LvQ==

bootstrap@^4.5.0:
  version "4.5.0"
  resolved "https://registry.yarnpkg.com/bootstrap/-/bootstrap-4.5.0.tgz#97d9dbcb5a8972f8722c9962483543b907d9b9ec"
  integrity sha512-Z93QoXvodoVslA+PWNdk23Hze4RBYIkpb5h8I2HY2Tu2h7A0LpAgLcyrhrSUyo2/Oxm2l1fRZPs1e5hnxnliXA==

interactjs@^1.9.10:
  version "1.9.10"
  resolved "https://registry.yarnpkg.com/interactjs/-/interactjs-1.9.10.tgz#33582b762c29ea8717417e59a130c4837e2d123a"
  integrity sha512-vz5f9mzEyaFyPA3EcbfPcIafgWg8EMz1B4Djt1W9AMa+yVr2m+ubPj/Qm5s8O8evUc4Feth1Z+KkJzoFTCa+pg==
  dependencies:
    "@interactjs/interactjs" "1.9.10"
    "@interactjs/types" "1.9.10"
